
Microsoft Visual Studio Solution File, Format Version 12.00
# Visual Studio Version 16
VisualStudioVersion = 16.0.30413.136
MinimumVisualStudioVersion = 10.0.40219.1
Project("{9A19103F-16F7-4668-BE54-9A1E7A4F7556}") = "Simple Fill-In Questions", "Simple Fill-In Questions\Simple Fill-In Questions.csproj", "{84C1C325-294B-454D-8AD9-EFE1CB94B9D0}"
EndProject
Global
	GlobalSection(SolutionConfigurationPlatforms) = preSolution
		Debug|Any CPU = Debug|Any CPU
		Release|Any CPU = Release|Any CPU
	EndGlobalSection
	GlobalSection(ProjectConfigurationPlatforms) = postSolution
		{84C1C325-294B-454D-8AD9-EFE1CB94B9D0}.Debug|Any CPU.ActiveCfg = Debug|Any CPU
		{84C1C325-294B-454D-8AD9-EFE1CB94B9D0}.Debug|Any CPU.Build.0 = Debug|Any CPU
		{84C1C325-294B-454D-8AD9-EFE1CB94B9D0}.Release|Any CPU.ActiveCfg = Release|Any CPU
		{84C1C325-294B-454D-8AD9-EFE1CB94B9D0}.Release|Any CPU.Build.0 = Release|Any CPU
	EndGlobalSection
	GlobalSection(SolutionProperties) = preSolution
		HideSolutionNode = FALSE
	EndGlobalSection
	GlobalSection(ExtensibilityGlobals) = postSolution
		SolutionGuid = {ADCE4934-A075-4B78-9589-469285E12826}
	EndGlobalSection
EndGlobal
