
Microsoft Visual Studio Solution File, Format Version 12.00
# Visual Studio Version 16
VisualStudioVersion = 16.0.30413.136
MinimumVisualStudioVersion = 10.0.40219.1
Project("{FAE04EC0-301F-11D3-BF4B-00C04F79EFBC}") = "Passcode", "Passcode\Passcode.csproj", "{39ADF538-BA0F-499D-89ED-BFCA03BFED0E}"
EndProject
Global
	GlobalSection(SolutionConfigurationPlatforms) = preSolution
		Debug|Any CPU = Debug|Any CPU
		Release|Any CPU = Release|Any CPU
	EndGlobalSection
	GlobalSection(ProjectConfigurationPlatforms) = postSolution
		{39ADF538-BA0F-499D-89ED-BFCA03BFED0E}.Debug|Any CPU.ActiveCfg = Debug|Any CPU
		{39ADF538-BA0F-499D-89ED-BFCA03BFED0E}.Debug|Any CPU.Build.0 = Debug|Any CPU
		{39ADF538-BA0F-499D-89ED-BFCA03BFED0E}.Release|Any CPU.ActiveCfg = Release|Any CPU
		{39ADF538-BA0F-499D-89ED-BFCA03BFED0E}.Release|Any CPU.Build.0 = Release|Any CPU
	EndGlobalSection
	GlobalSection(SolutionProperties) = preSolution
		HideSolutionNode = FALSE
	EndGlobalSection
	GlobalSection(ExtensibilityGlobals) = postSolution
		SolutionGuid = {F1E1FF6F-F999-4F82-8C81-CDB60C84CBBD}
	EndGlobalSection
EndGlobal
